
Microsoft Visual Studio Solution File, Format Version 12.00
# Visual Studio 2013
VisualStudioVersion = 12.0.30501.0
MinimumVisualStudioVersion = 10.0.40219.1
Project("{E24C65DC-7377-472B-9ABA-BC803B73C61A}") = "UmbracoCms.7.1.4", "http://localhost:45057", "{773160D5-E5A8-49C2-BC71-D09FE4808E80}"
	ProjectSection(WebsiteProperties) = preProject
		UseIISExpress = "true"
		TargetFrameworkMoniker = ".NETFramework,Version%3Dv4.5"
		Debug.AspNetCompiler.VirtualPath = "/localhost_45057"
		Debug.AspNetCompiler.PhysicalPath = "..\UmbracoCms.7.1.4\"
		Debug.AspNetCompiler.TargetPath = "PrecompiledWeb\localhost_45057\"
		Debug.AspNetCompiler.Updateable = "true"
		Debug.AspNetCompiler.ForceOverwrite = "true"
		Debug.AspNetCompiler.FixedNames = "false"
		Debug.AspNetCompiler.Debug = "True"
		Release.AspNetCompiler.VirtualPath = "/localhost_45057"
		Release.AspNetCompiler.PhysicalPath = "..\UmbracoCms.7.1.4\"
		Release.AspNetCompiler.TargetPath = "PrecompiledWeb\localhost_45057\"
		Release.AspNetCompiler.Updateable = "true"
		Release.AspNetCompiler.ForceOverwrite = "true"
		Release.AspNetCompiler.FixedNames = "false"
		Release.AspNetCompiler.Debug = "False"
		SlnRelativePath = "..\UmbracoCms.7.1.4\"
	EndProjectSection
EndProject
Global
	GlobalSection(SolutionConfigurationPlatforms) = preSolution
		Debug|Any CPU = Debug|Any CPU
	EndGlobalSection
	GlobalSection(ProjectConfigurationPlatforms) = postSolution
		{773160D5-E5A8-49C2-BC71-D09FE4808E80}.Debug|Any CPU.ActiveCfg = Debug|Any CPU
		{773160D5-E5A8-49C2-BC71-D09FE4808E80}.Debug|Any CPU.Build.0 = Debug|Any CPU
	EndGlobalSection
	GlobalSection(SolutionProperties) = preSolution
		HideSolutionNode = FALSE
	EndGlobalSection
EndGlobal
