
Microsoft Visual Studio Solution File, Format Version 12.00
# Visual Studio 14
VisualStudioVersion = 14.0.24720.0
MinimumVisualStudioVersion = 10.0.40219.1
Project("{FAE04EC0-301F-11D3-BF4B-00C04F79EFBC}") = "UmbracoIdentity", "UmbracoIdentity\UmbracoIdentity.csproj", "{FF225509-B1E9-41C0-BB9E-1A5DDBEA87F5}"
EndProject
Project("{2150E333-8FDC-42A3-9474-1A3956D46DE8}") = ".nuget", ".nuget", "{784E200B-8F5B-47F7-8DD1-468F3F34EBBD}"
	ProjectSection(SolutionItems) = preProject
		.nuget\NuGet.Config = .nuget\NuGet.Config
		.nuget\NuGet.exe = .nuget\NuGet.exe
		.nuget\NuGet.targets = .nuget\NuGet.targets
	EndProjectSection
EndProject
Project("{E24C65DC-7377-472B-9ABA-BC803B73C61A}") = "UmbracoIdentity.Web", "http://localhost:45678", "{773160D5-E5A8-49C2-BC71-D09FE4808E80}"
	ProjectSection(WebsiteProperties) = preProject
		UseIISExpress = "true"
		TargetFrameworkMoniker = ".NETFramework,Version%3Dv4.5"
		Debug.AspNetCompiler.VirtualPath = "/localhost_45678"
		Debug.AspNetCompiler.PhysicalPath = "UmbracoIdentity.Web\"
		Debug.AspNetCompiler.TargetPath = "PrecompiledWeb\localhost_45678\"
		Debug.AspNetCompiler.Updateable = "true"
		Debug.AspNetCompiler.ForceOverwrite = "true"
		Debug.AspNetCompiler.FixedNames = "false"
		Debug.AspNetCompiler.Debug = "True"
		Release.AspNetCompiler.VirtualPath = "/localhost_45678"
		Release.AspNetCompiler.PhysicalPath = "UmbracoIdentity.Web\"
		Release.AspNetCompiler.TargetPath = "PrecompiledWeb\localhost_45678\"
		Release.AspNetCompiler.Updateable = "true"
		Release.AspNetCompiler.ForceOverwrite = "true"
		Release.AspNetCompiler.FixedNames = "false"
		Release.AspNetCompiler.Debug = "False"
		SlnRelativePath = "UmbracoIdentity.Web\"
		DefaultWebSiteLanguage = "Visual C#"
	EndProjectSection
EndProject
Project("{2150E333-8FDC-42A3-9474-1A3956D46DE8}") = "Build", "Build", "{12D5F68D-7BD0-444A-9D3B-D2FB833CDD64}"
	ProjectSection(SolutionItems) = preProject
		..\build\Build-Release.ps1 = ..\build\Build-Release.ps1
		..\build\Readme.txt = ..\build\Readme.txt
		SolutionInfo.cs = SolutionInfo.cs
		..\build\UmbracoIdentity.Core.nuspec = ..\build\UmbracoIdentity.Core.nuspec
		..\build\UmbracoIdentity.nuspec = ..\build\UmbracoIdentity.nuspec
	EndProjectSection
EndProject
Project("{2150E333-8FDC-42A3-9474-1A3956D46DE8}") = "nuget-transforms", "nuget-transforms", "{29C8E9D9-B30E-4EDA-AF5F-4899A1CFDFFD}"
	ProjectSection(SolutionItems) = preProject
		..\build\web.config.install.xdt = ..\build\web.config.install.xdt
	EndProjectSection
EndProject
Project("{2150E333-8FDC-42A3-9474-1A3956D46DE8}") = "Docs", "Docs", "{3737D279-BB85-41B6-BBC2-09F6E44708E9}"
	ProjectSection(SolutionItems) = preProject
		..\README.md = ..\README.md
	EndProjectSection
EndProject
Global
	GlobalSection(SolutionConfigurationPlatforms) = preSolution
		Debug|Any CPU = Debug|Any CPU
		Release|Any CPU = Release|Any CPU
	EndGlobalSection
	GlobalSection(ProjectConfigurationPlatforms) = postSolution
		{FF225509-B1E9-41C0-BB9E-1A5DDBEA87F5}.Debug|Any CPU.ActiveCfg = Debug|Any CPU
		{FF225509-B1E9-41C0-BB9E-1A5DDBEA87F5}.Debug|Any CPU.Build.0 = Debug|Any CPU
		{FF225509-B1E9-41C0-BB9E-1A5DDBEA87F5}.Release|Any CPU.ActiveCfg = Release|Any CPU
		{FF225509-B1E9-41C0-BB9E-1A5DDBEA87F5}.Release|Any CPU.Build.0 = Release|Any CPU
		{773160D5-E5A8-49C2-BC71-D09FE4808E80}.Debug|Any CPU.ActiveCfg = Debug|Any CPU
		{773160D5-E5A8-49C2-BC71-D09FE4808E80}.Release|Any CPU.ActiveCfg = Debug|Any CPU
	EndGlobalSection
	GlobalSection(SolutionProperties) = preSolution
		HideSolutionNode = FALSE
	EndGlobalSection
	GlobalSection(NestedProjects) = preSolution
		{29C8E9D9-B30E-4EDA-AF5F-4899A1CFDFFD} = {12D5F68D-7BD0-444A-9D3B-D2FB833CDD64}
	EndGlobalSection
EndGlobal
